// !$*UTF8*$!
{
	archiveVersion = 1;
	classes = {
	};
	objectVersion = 56;
	objects = {

/* Begin PBXBuildFile section */
		D379AA732986049900853375 /* AppDelegate.swift in Sources */ = {isa = PBXBuildFile; fileRef = D379AA722986049900853375 /* AppDelegate.swift */; };
		D379AA752986049900853375 /* ContentView.swift in Sources */ = {isa = PBXBuildFile; fileRef = D379AA742986049900853375 /* ContentView.swift */; };
		D379AA792986049B00853375 /* Assets.xcassets in Resources */ = {isa = PBXBuildFile; fileRef = D379AA782986049B00853375 /* Assets.xcassets */; };
		D379AA7C2986049B00853375 /* Preview Assets.xcassets in Resources */ = {isa = PBXBuildFile; fileRef = D379AA7B2986049B00853375 /* Preview Assets.xcassets */; };
		D379AA832986078900853375 /* 01.metal in Sources */ = {isa = PBXBuildFile; fileRef = D379AA822986078900853375 /* 01.metal */; };
		D379AA8529860A8600853375 /* CustomARView.swift in Sources */ = {isa = PBXBuildFile; fileRef = D379AA8429860A8600853375 /* CustomARView.swift */; };
		D379AA8729873B5700853375 /* 02.metal in Sources */ = {isa = PBXBuildFile; fileRef = D379AA8629873B5700853375 /* 02.metal */; };
		D379AA8A2987F3E600853375 /* ValueNoise2d.metal in Sources */ = {isa = PBXBuildFile; fileRef = D379AA892987F3E600853375 /* ValueNoise2d.metal */; };
		D379AA8C2987F40200853375 /* ValueNoise3d.metal in Sources */ = {isa = PBXBuildFile; fileRef = D379AA8B2987F40200853375 /* ValueNoise3d.metal */; };
		D379AA8E2987F40D00853375 /* Random.metal in Sources */ = {isa = PBXBuildFile; fileRef = D379AA8D2987F40D00853375 /* Random.metal */; };
		D379AA922987F43900853375 /* RGBtoHSV.metal in Sources */ = {isa = PBXBuildFile; fileRef = D379AA912987F43900853375 /* RGBtoHSV.metal */; };
		D379AA942987FC3100853375 /* send_uniform.metal in Sources */ = {isa = PBXBuildFile; fileRef = D379AA932987FC3100853375 /* send_uniform.metal */; };
		D379AA9629887DE600853375 /* 03.metal in Sources */ = {isa = PBXBuildFile; fileRef = D379AA9529887DE600853375 /* 03.metal */; };
/* End PBXBuildFile section */

/* Begin PBXFileReference section */
		D379AA6F2986049900853375 /* ShaderQuead.app */ = {isa = PBXFileReference; explicitFileType = wrapper.application; includeInIndex = 0; path = ShaderQuead.app; sourceTree = BUILT_PRODUCTS_DIR; };
		D379AA722986049900853375 /* AppDelegate.swift */ = {isa = PBXFileReference; lastKnownFileType = sourcecode.swift; path = AppDelegate.swift; sourceTree = "<group>"; };
		D379AA742986049900853375 /* ContentView.swift */ = {isa = PBXFileReference; lastKnownFileType = sourcecode.swift; path = ContentView.swift; sourceTree = "<group>"; };
		D379AA782986049B00853375 /* Assets.xcassets */ = {isa = PBXFileReference; lastKnownFileType = folder.assetcatalog; path = Assets.xcassets; sourceTree = "<group>"; };
		D379AA7B2986049B00853375 /* Preview Assets.xcassets */ = {isa = PBXFileReference; lastKnownFileType = folder.assetcatalog; path = "Preview Assets.xcassets"; sourceTree = "<group>"; };
		D379AA822986078900853375 /* 01.metal */ = {isa = PBXFileReference; lastKnownFileType = sourcecode.metal; path = 01.metal; sourceTree = "<group>"; };
		D379AA8429860A8600853375 /* CustomARView.swift */ = {isa = PBXFileReference; lastKnownFileType = sourcecode.swift; path = CustomARView.swift; sourceTree = "<group>"; };
		D379AA8629873B5700853375 /* 02.metal */ = {isa = PBXFileReference; lastKnownFileType = sourcecode.metal; path = 02.metal; sourceTree = "<group>"; };
		D379AA892987F3E600853375 /* ValueNoise2d.metal */ = {isa = PBXFileReference; lastKnownFileType = sourcecode.metal; path = ValueNoise2d.metal; sourceTree = "<group>"; };
		D379AA8B2987F40200853375 /* ValueNoise3d.metal */ = {isa = PBXFileReference; lastKnownFileType = sourcecode.metal; path = ValueNoise3d.metal; sourceTree = "<group>"; };
		D379AA8D2987F40D00853375 /* Random.metal */ = {isa = PBXFileReference; lastKnownFileType = sourcecode.metal; path = Random.metal; sourceTree = "<group>"; };
		D379AA912987F43900853375 /* RGBtoHSV.metal */ = {isa = PBXFileReference; lastKnownFileType = sourcecode.metal; path = RGBtoHSV.metal; sourceTree = "<group>"; };
		D379AA932987FC3100853375 /* send_uniform.metal */ = {isa = PBXFileReference; lastKnownFileType = sourcecode.metal; path = send_uniform.metal; sourceTree = "<group>"; };
		D379AA9529887DE600853375 /* 03.metal */ = {isa = PBXFileReference; lastKnownFileType = sourcecode.metal; path = 03.metal; sourceTree = "<group>"; };
		D379AA9829888D2100853375 /* CustomUniform.h */ = {isa = PBXFileReference; lastKnownFileType = sourcecode.c.h; path = CustomUniform.h; sourceTree = "<group>"; };
/* End PBXFileReference section */

/* Begin PBXFrameworksBuildPhase section */
		D379AA6C2986049900853375 /* Frameworks */ = {
			isa = PBXFrameworksBuildPhase;
			buildActionMask = 2147483647;
			files = (
			);
			runOnlyForDeploymentPostprocessing = 0;
		};
/* End PBXFrameworksBuildPhase section */

/* Begin PBXGroup section */
		D379AA662986049900853375 = {
			isa = PBXGroup;
			children = (
				D379AA712986049900853375 /* ShaderQuad */,
				D379AA702986049900853375 /* Products */,
			);
			sourceTree = "<group>";
		};
		D379AA702986049900853375 /* Products */ = {
			isa = PBXGroup;
			children = (
				D379AA6F2986049900853375 /* ShaderQuead.app */,
			);
			name = Products;
			sourceTree = "<group>";
		};
		D379AA712986049900853375 /* ShaderQuad */ = {
			isa = PBXGroup;
			children = (
				D379AA9729888D0F00853375 /* HeaderFile */,
				D379AA902987F42800853375 /* ColorUtil */,
				D379AA8F2987F41600853375 /* RandomMetalUtil */,
				D379AA882987F3CC00853375 /* NoiseMetalUtil */,
				D379AA722986049900853375 /* AppDelegate.swift */,
				D379AA742986049900853375 /* ContentView.swift */,
				D379AA8429860A8600853375 /* CustomARView.swift */,
				D379AA822986078900853375 /* 01.metal */,
				D379AA8629873B5700853375 /* 02.metal */,
				D379AA9529887DE600853375 /* 03.metal */,
				D379AA782986049B00853375 /* Assets.xcassets */,
				D379AA7A2986049B00853375 /* Preview Content */,
			);
			path = ShaderQuad;
			sourceTree = "<group>";
		};
		D379AA7A2986049B00853375 /* Preview Content */ = {
			isa = PBXGroup;
			children = (
				D379AA7B2986049B00853375 /* Preview Assets.xcassets */,
			);
			path = "Preview Content";
			sourceTree = "<group>";
		};
		D379AA882987F3CC00853375 /* NoiseMetalUtil */ = {
			isa = PBXGroup;
			children = (
				D379AA892987F3E600853375 /* ValueNoise2d.metal */,
				D379AA8B2987F40200853375 /* ValueNoise3d.metal */,
				D379AA932987FC3100853375 /* send_uniform.metal */,
			);
			path = NoiseMetalUtil;
			sourceTree = "<group>";
		};
		D379AA8F2987F41600853375 /* RandomMetalUtil */ = {
			isa = PBXGroup;
			children = (
				D379AA8D2987F40D00853375 /* Random.metal */,
			);
			path = RandomMetalUtil;
			sourceTree = "<group>";
		};
		D379AA902987F42800853375 /* ColorUtil */ = {
			isa = PBXGroup;
			children = (
				D379AA912987F43900853375 /* RGBtoHSV.metal */,
			);
			path = ColorUtil;
			sourceTree = "<group>";
		};
		D379AA9729888D0F00853375 /* HeaderFile */ = {
			isa = PBXGroup;
			children = (
				D379AA9829888D2100853375 /* CustomUniform.h */,
			);
			path = HeaderFile;
			sourceTree = "<group>";
		};
/* End PBXGroup section */

/* Begin PBXNativeTarget section */
		D379AA6E2986049900853375 /* ShaderQuead */ = {
			isa = PBXNativeTarget;
			buildConfigurationList = D379AA7F2986049B00853375 /* Build configuration list for PBXNativeTarget "ShaderQuead" */;
			buildPhases = (
				D379AA6B2986049900853375 /* Sources */,
				D379AA6C2986049900853375 /* Frameworks */,
				D379AA6D2986049900853375 /* Resources */,
			);
			buildRules = (
			);
			dependencies = (
			);
			name = ShaderQuead;
			productName = ShaderQuead;
			productReference = D379AA6F2986049900853375 /* ShaderQuead.app */;
			productType = "com.apple.product-type.application";
		};
/* End PBXNativeTarget section */

/* Begin PBXProject section */
		D379AA672986049900853375 /* Project object */ = {
			isa = PBXProject;
			attributes = {
				BuildIndependentTargetsInParallel = 1;
				LastSwiftUpdateCheck = 1420;
				LastUpgradeCheck = 1420;
				TargetAttributes = {
					D379AA6E2986049900853375 = {
						CreatedOnToolsVersion = 14.2;
					};
				};
			};
			buildConfigurationList = D379AA6A2986049900853375 /* Build configuration list for PBXProject "ShaderQuead" */;
			compatibilityVersion = "Xcode 14.0";
			developmentRegion = en;
			hasScannedForEncodings = 0;
			knownRegions = (
				en,
				Base,
			);
			mainGroup = D379AA662986049900853375;
			productRefGroup = D379AA702986049900853375 /* Products */;
			projectDirPath = "";
			projectRoot = "";
			targets = (
				D379AA6E2986049900853375 /* ShaderQuead */,
			);
		};
/* End PBXProject section */

/* Begin PBXResourcesBuildPhase section */
		D379AA6D2986049900853375 /* Resources */ = {
			isa = PBXResourcesBuildPhase;
			buildActionMask = 2147483647;
			files = (
				D379AA7C2986049B00853375 /* Preview Assets.xcassets in Resources */,
				D379AA792986049B00853375 /* Assets.xcassets in Resources */,
			);
			runOnlyForDeploymentPostprocessing = 0;
		};
/* End PBXResourcesBuildPhase section */

/* Begin PBXSourcesBuildPhase section */
		D379AA6B2986049900853375 /* Sources */ = {
			isa = PBXSourcesBuildPhase;
			buildActionMask = 2147483647;
			files = (
				D379AA942987FC3100853375 /* send_uniform.metal in Sources */,
				D379AA8A2987F3E600853375 /* ValueNoise2d.metal in Sources */,
				D379AA832986078900853375 /* 01.metal in Sources */,
				D379AA752986049900853375 /* ContentView.swift in Sources */,
				D379AA8729873B5700853375 /* 02.metal in Sources */,
				D379AA922987F43900853375 /* RGBtoHSV.metal in Sources */,
				D379AA8529860A8600853375 /* CustomARView.swift in Sources */,
				D379AA732986049900853375 /* AppDelegate.swift in Sources */,
				D379AA8E2987F40D00853375 /* Random.metal in Sources */,
				D379AA8C2987F40200853375 /* ValueNoise3d.metal in Sources */,
				D379AA9629887DE600853375 /* 03.metal in Sources */,
			);
			runOnlyForDeploymentPostprocessing = 0;
		};
/* End PBXSourcesBuildPhase section */

/* Begin XCBuildConfiguration section */
		D379AA7D2986049B00853375 /* Debug */ = {
			isa = XCBuildConfiguration;
			buildSettings = {
				ALWAYS_SEARCH_USER_PATHS = NO;
				CLANG_ANALYZER_NONNULL = YES;
				CLANG_ANALYZER_NUMBER_OBJECT_CONVERSION = YES_AGGRESSIVE;
				CLANG_CXX_LANGUAGE_STANDARD = "gnu++20";
				CLANG_ENABLE_MODULES = YES;
				CLANG_ENABLE_OBJC_ARC = YES;
				CLANG_ENABLE_OBJC_WEAK = YES;
				CLANG_WARN_BLOCK_CAPTURE_AUTORELEASING = YES;
				CLANG_WARN_BOOL_CONVERSION = YES;
				CLANG_WARN_COMMA = YES;
				CLANG_WARN_CONSTANT_CONVERSION = YES;
				CLANG_WARN_DEPRECATED_OBJC_IMPLEMENTATIONS = YES;
				CLANG_WARN_DIRECT_OBJC_ISA_USAGE = YES_ERROR;
				CLANG_WARN_DOCUMENTATION_COMMENTS = YES;
				CLANG_WARN_EMPTY_BODY = YES;
				CLANG_WARN_ENUM_CONVERSION = YES;
				CLANG_WARN_INFINITE_RECURSION = YES;
				CLANG_WARN_INT_CONVERSION = YES;
				CLANG_WARN_NON_LITERAL_NULL_CONVERSION = YES;
				CLANG_WARN_OBJC_IMPLICIT_RETAIN_SELF = YES;
				CLANG_WARN_OBJC_LITERAL_CONVERSION = YES;
				CLANG_WARN_OBJC_ROOT_CLASS = YES_ERROR;
				CLANG_WARN_QUOTED_INCLUDE_IN_FRAMEWORK_HEADER = YES;
				CLANG_WARN_RANGE_LOOP_ANALYSIS = YES;
				CLANG_WARN_STRICT_PROTOTYPES = YES;
				CLANG_WARN_SUSPICIOUS_MOVE = YES;
				CLANG_WARN_UNGUARDED_AVAILABILITY = YES_AGGRESSIVE;
				CLANG_WARN_UNREACHABLE_CODE = YES;
				CLANG_WARN__DUPLICATE_METHOD_MATCH = YES;
				COPY_PHASE_STRIP = NO;
				DEBUG_INFORMATION_FORMAT = dwarf;
				ENABLE_STRICT_OBJC_MSGSEND = YES;
				ENABLE_TESTABILITY = YES;
				GCC_C_LANGUAGE_STANDARD = gnu11;
				GCC_DYNAMIC_NO_PIC = NO;
				GCC_NO_COMMON_BLOCKS = YES;
				GCC_OPTIMIZATION_LEVEL = 0;
				GCC_PREPROCESSOR_DEFINITIONS = (
					"DEBUG=1",
					"$(inherited)",
				);
				GCC_WARN_64_TO_32_BIT_CONVERSION = YES;
				GCC_WARN_ABOUT_RETURN_TYPE = YES_ERROR;
				GCC_WARN_UNDECLARED_SELECTOR = YES;
				GCC_WARN_UNINITIALIZED_AUTOS = YES_AGGRESSIVE;
				GCC_WARN_UNUSED_FUNCTION = YES;
				GCC_WARN_UNUSED_VARIABLE = YES;
				IPHONEOS_DEPLOYMENT_TARGET = 16.2;
				MTL_ENABLE_DEBUG_INFO = INCLUDE_SOURCE;
				MTL_FAST_MATH = YES;
				ONLY_ACTIVE_ARCH = YES;
				SDKROOT = iphoneos;
				SWIFT_ACTIVE_COMPILATION_CONDITIONS = DEBUG;
				SWIFT_OPTIMIZATION_LEVEL = "-Onone";
			};
			name = Debug;
		};
		D379AA7E2986049B00853375 /* Release */ = {
			isa = XCBuildConfiguration;
			buildSettings = {
				ALWAYS_SEARCH_USER_PATHS = NO;
				CLANG_ANALYZER_NONNULL = YES;
				CLANG_ANALYZER_NUMBER_OBJECT_CONVERSION = YES_AGGRESSIVE;
				CLANG_CXX_LANGUAGE_STANDARD = "gnu++20";
				CLANG_ENABLE_MODULES = YES;
				CLANG_ENABLE_OBJC_ARC = YES;
				CLANG_ENABLE_OBJC_WEAK = YES;
				CLANG_WARN_BLOCK_CAPTURE_AUTORELEASING = YES;
				CLANG_WARN_BOOL_CONVERSION = YES;
				CLANG_WARN_COMMA = YES;
				CLANG_WARN_CONSTANT_CONVERSION = YES;
				CLANG_WARN_DEPRECATED_OBJC_IMPLEMENTATIONS = YES;
				CLANG_WARN_DIRECT_OBJC_ISA_USAGE = YES_ERROR;
				CLANG_WARN_DOCUMENTATION_COMMENTS = YES;
				CLANG_WARN_EMPTY_BODY = YES;
				CLANG_WARN_ENUM_CONVERSION = YES;
				CLANG_WARN_INFINITE_RECURSION = YES;
				CLANG_WARN_INT_CONVERSION = YES;
				CLANG_WARN_NON_LITERAL_NULL_CONVERSION = YES;
				CLANG_WARN_OBJC_IMPLICIT_RETAIN_SELF = YES;
				CLANG_WARN_OBJC_LITERAL_CONVERSION = YES;
				CLANG_WARN_OBJC_ROOT_CLASS = YES_ERROR;
				CLANG_WARN_QUOTED_INCLUDE_IN_FRAMEWORK_HEADER = YES;
				CLANG_WARN_RANGE_LOOP_ANALYSIS = YES;
				CLANG_WARN_STRICT_PROTOTYPES = YES;
				CLANG_WARN_SUSPICIOUS_MOVE = YES;
				CLANG_WARN_UNGUARDED_AVAILABILITY = YES_AGGRESSIVE;
				CLANG_WARN_UNREACHABLE_CODE = YES;
				CLANG_WARN__DUPLICATE_METHOD_MATCH = YES;
				COPY_PHASE_STRIP = NO;
				DEBUG_INFORMATION_FORMAT = "dwarf-with-dsym";
				ENABLE_NS_ASSERTIONS = NO;
				ENABLE_STRICT_OBJC_MSGSEND = YES;
				GCC_C_LANGUAGE_STANDARD = gnu11;
				GCC_NO_COMMON_BLOCKS = YES;
				GCC_WARN_64_TO_32_BIT_CONVERSION = YES;
				GCC_WARN_ABOUT_RETURN_TYPE = YES_ERROR;
				GCC_WARN_UNDECLARED_SELECTOR = YES;
				GCC_WARN_UNINITIALIZED_AUTOS = YES_AGGRESSIVE;
				GCC_WARN_UNUSED_FUNCTION = YES;
				GCC_WARN_UNUSED_VARIABLE = YES;
				IPHONEOS_DEPLOYMENT_TARGET = 16.2;
				MTL_ENABLE_DEBUG_INFO = NO;
				MTL_FAST_MATH = YES;
				SDKROOT = iphoneos;
				SWIFT_COMPILATION_MODE = wholemodule;
				SWIFT_OPTIMIZATION_LEVEL = "-O";
				VALIDATE_PRODUCT = YES;
			};
			name = Release;
		};
		D379AA802986049B00853375 /* Debug */ = {
			isa = XCBuildConfiguration;
			buildSettings = {
				ASSETCATALOG_COMPILER_APPICON_NAME = AppIcon;
				ASSETCATALOG_COMPILER_GLOBAL_ACCENT_COLOR_NAME = AccentColor;
				CODE_SIGN_STYLE = Automatic;
				CURRENT_PROJECT_VERSION = 1;
				DEVELOPMENT_ASSET_PATHS = "\"ShaderQuead/Preview Content\"";
				DEVELOPMENT_TEAM = LSUSGUW6L4;
				ENABLE_PREVIEWS = YES;
				GENERATE_INFOPLIST_FILE = YES;
				INFOPLIST_KEY_NSCameraUsageDescription = "";
				INFOPLIST_KEY_UIApplicationSupportsIndirectInputEvents = YES;
				INFOPLIST_KEY_UILaunchScreen_Generation = YES;
				INFOPLIST_KEY_UIRequiredDeviceCapabilities = arkit;
				INFOPLIST_KEY_UIStatusBarHidden = YES;
				INFOPLIST_KEY_UISupportedInterfaceOrientations_iPad = "UIInterfaceOrientationPortrait UIInterfaceOrientationPortraitUpsideDown UIInterfaceOrientationLandscapeLeft UIInterfaceOrientationLandscapeRight";
				INFOPLIST_KEY_UISupportedInterfaceOrientations_iPhone = "UIInterfaceOrientationPortrait UIInterfaceOrientationLandscapeLeft UIInterfaceOrientationLandscapeRight";
				LD_RUNPATH_SEARCH_PATHS = (
					"$(inherited)",
					"@executable_path/Frameworks",
				);
				MARKETING_VERSION = 1.0;
				PRODUCT_BUNDLE_IDENTIFIER = com.mizuki.ShaderQuead;
				PRODUCT_NAME = "$(TARGET_NAME)";
				SWIFT_EMIT_LOC_STRINGS = YES;
				SWIFT_VERSION = 5.0;
				TARGETED_DEVICE_FAMILY = "1,2";
			};
			name = Debug;
		};
		D379AA812986049B00853375 /* Release */ = {
			isa = XCBuildConfiguration;
			buildSettings = {
				ASSETCATALOG_COMPILER_APPICON_NAME = AppIcon;
				ASSETCATALOG_COMPILER_GLOBAL_ACCENT_COLOR_NAME = AccentColor;
				CODE_SIGN_STYLE = Automatic;
				CURRENT_PROJECT_VERSION = 1;
				DEVELOPMENT_ASSET_PATHS = "\"ShaderQuead/Preview Content\"";
				DEVELOPMENT_TEAM = LSUSGUW6L4;
				ENABLE_PREVIEWS = YES;
				GENERATE_INFOPLIST_FILE = YES;
				INFOPLIST_KEY_NSCameraUsageDescription = "";
				INFOPLIST_KEY_UIApplicationSupportsIndirectInputEvents = YES;
				INFOPLIST_KEY_UILaunchScreen_Generation = YES;
				INFOPLIST_KEY_UIRequiredDeviceCapabilities = arkit;
				INFOPLIST_KEY_UIStatusBarHidden = YES;
				INFOPLIST_KEY_UISupportedInterfaceOrientations_iPad = "UIInterfaceOrientationPortrait UIInterfaceOrientationPortraitUpsideDown UIInterfaceOrientationLandscapeLeft UIInterfaceOrientationLandscapeRight";
				INFOPLIST_KEY_UISupportedInterfaceOrientations_iPhone = "UIInterfaceOrientationPortrait UIInterfaceOrientationLandscapeLeft UIInterfaceOrientationLandscapeRight";
				LD_RUNPATH_SEARCH_PATHS = (
					"$(inherited)",
					"@executable_path/Frameworks",
				);
				MARKETING_VERSION = 1.0;
				PRODUCT_BUNDLE_IDENTIFIER = com.mizuki.ShaderQuead;
				PRODUCT_NAME = "$(TARGET_NAME)";
				SWIFT_EMIT_LOC_STRINGS = YES;
				SWIFT_VERSION = 5.0;
				TARGETED_DEVICE_FAMILY = "1,2";
			};
			name = Release;
		};
/* End XCBuildConfiguration section */

/* Begin XCConfigurationList section */
		D379AA6A2986049900853375 /* Build configuration list for PBXProject "ShaderQuead" */ = {
			isa = XCConfigurationList;
			buildConfigurations = (
				D379AA7D2986049B00853375 /* Debug */,
				D379AA7E2986049B00853375 /* Release */,
			);
			defaultConfigurationIsVisible = 0;
			defaultConfigurationName = Release;
		};
		D379AA7F2986049B00853375 /* Build configuration list for PBXNativeTarget "ShaderQuead" */ = {
			isa = XCConfigurationList;
			buildConfigurations = (
				D379AA802986049B00853375 /* Debug */,
				D379AA812986049B00853375 /* Release */,
			);
			defaultConfigurationIsVisible = 0;
			defaultConfigurationName = Release;
		};
/* End XCConfigurationList section */
	};
	rootObject = D379AA672986049900853375 /* Project object */;
}
